// !$*UTF8*$!
{
	archiveVersion = 1;
	classes = {
	};
	objectVersion = 48;
	objects = {

/* Begin PBXBuildFile section */
		8251944F2033DED600B818F4 /* AppDelegate.swift in Sources */ = {isa = PBXBuildFile; fileRef = 8251944E2033DED600B818F4 /* AppDelegate.swift */; };
		825194512033DED600B818F4 /* ViewController.swift in Sources */ = {isa = PBXBuildFile; fileRef = 825194502033DED600B818F4 /* ViewController.swift */; };
		825194542033DED600B818F4 /* Main.storyboard in Resources */ = {isa = PBXBuildFile; fileRef = 825194522033DED600B818F4 /* Main.storyboard */; };
		825194572033DED600B818F4 /* TV_Core_Data.xcdatamodeld in Sources */ = {isa = PBXBuildFile; fileRef = 825194552033DED600B818F4 /* TV_Core_Data.xcdatamodeld */; };
		825194592033DED600B818F4 /* Assets.xcassets in Resources */ = {isa = PBXBuildFile; fileRef = 825194582033DED600B818F4 /* Assets.xcassets */; };
		8251945C2033DED600B818F4 /* LaunchScreen.storyboard in Resources */ = {isa = PBXBuildFile; fileRef = 8251945A2033DED600B818F4 /* LaunchScreen.storyboard */; };
		825194642033DFCD00B818F4 /* CoreDataHandler.swift in Sources */ = {isa = PBXBuildFile; fileRef = 825194632033DFCD00B818F4 /* CoreDataHandler.swift */; };
		E6AB5E33DB93B07F93352614 /* Pods_TV_Core_Data.framework in Frameworks */ = {isa = PBXBuildFile; fileRef = D725EFD045ADFB5273DCA66F /* Pods_TV_Core_Data.framework */; };
/* End PBXBuildFile section */

/* Begin PBXFileReference section */
		78AFCDF6B7A90A7A724497B7 /* Pods-TV Core Data.release.xcconfig */ = {isa = PBXFileReference; includeInIndex = 1; lastKnownFileType = text.xcconfig; name = "Pods-TV Core Data.release.xcconfig"; path = "Pods/Target Support Files/Pods-TV Core Data/Pods-TV Core Data.release.xcconfig"; sourceTree = "<group>"; };
		8251944B2033DED600B818F4 /* TV Core Data.app */ = {isa = PBXFileReference; explicitFileType = wrapper.application; includeInIndex = 0; path = "TV Core Data.app"; sourceTree = BUILT_PRODUCTS_DIR; };
		8251944E2033DED600B818F4 /* AppDelegate.swift */ = {isa = PBXFileReference; lastKnownFileType = sourcecode.swift; path = AppDelegate.swift; sourceTree = "<group>"; };
		825194502033DED600B818F4 /* ViewController.swift */ = {isa = PBXFileReference; lastKnownFileType = sourcecode.swift; path = ViewController.swift; sourceTree = "<group>"; };
		825194532033DED600B818F4 /* Base */ = {isa = PBXFileReference; lastKnownFileType = file.storyboard; name = Base; path = Base.lproj/Main.storyboard; sourceTree = "<group>"; };
		825194562033DED600B818F4 /* TV_Core_Data.xcdatamodel */ = {isa = PBXFileReference; lastKnownFileType = wrapper.xcdatamodel; path = TV_Core_Data.xcdatamodel; sourceTree = "<group>"; };
		825194582033DED600B818F4 /* Assets.xcassets */ = {isa = PBXFileReference; lastKnownFileType = folder.assetcatalog; path = Assets.xcassets; sourceTree = "<group>"; };
		8251945B2033DED600B818F4 /* Base */ = {isa = PBXFileReference; lastKnownFileType = file.storyboard; name = Base; path = Base.lproj/LaunchScreen.storyboard; sourceTree = "<group>"; };
		8251945D2033DED600B818F4 /* Info.plist */ = {isa = PBXFileReference; lastKnownFileType = text.plist.xml; path = Info.plist; sourceTree = "<group>"; };
		825194632033DFCD00B818F4 /* CoreDataHandler.swift */ = {isa = PBXFileReference; lastKnownFileType = sourcecode.swift; path = CoreDataHandler.swift; sourceTree = "<group>"; };
		C475D92DDD93BF51923E36D8 /* Pods-TV Core Data.debug.xcconfig */ = {isa = PBXFileReference; includeInIndex = 1; lastKnownFileType = text.xcconfig; name = "Pods-TV Core Data.debug.xcconfig"; path = "Pods/Target Support Files/Pods-TV Core Data/Pods-TV Core Data.debug.xcconfig"; sourceTree = "<group>"; };
		D725EFD045ADFB5273DCA66F /* Pods_TV_Core_Data.framework */ = {isa = PBXFileReference; explicitFileType = wrapper.framework; includeInIndex = 0; path = Pods_TV_Core_Data.framework; sourceTree = BUILT_PRODUCTS_DIR; };
/* End PBXFileReference section */

/* Begin PBXFrameworksBuildPhase section */
		825194482033DED600B818F4 /* Frameworks */ = {
			isa = PBXFrameworksBuildPhase;
			buildActionMask = 2147483647;
			files = (
				E6AB5E33DB93B07F93352614 /* Pods_TV_Core_Data.framework in Frameworks */,
			);
			runOnlyForDeploymentPostprocessing = 0;
		};
/* End PBXFrameworksBuildPhase section */

/* Begin PBXGroup section */
		06BC731A093BDAFA7BC6B487 /* Pods */ = {
			isa = PBXGroup;
			children = (
				C475D92DDD93BF51923E36D8 /* Pods-TV Core Data.debug.xcconfig */,
				78AFCDF6B7A90A7A724497B7 /* Pods-TV Core Data.release.xcconfig */,
			);
			name = Pods;
			sourceTree = "<group>";
		};
		825194422033DED600B818F4 = {
			isa = PBXGroup;
			children = (
				8251944D2033DED600B818F4 /* TV Core Data */,
				8251944C2033DED600B818F4 /* Products */,
				06BC731A093BDAFA7BC6B487 /* Pods */,
				D094E709E4A21797F8CE999F /* Frameworks */,
			);
			sourceTree = "<group>";
		};
		8251944C2033DED600B818F4 /* Products */ = {
			isa = PBXGroup;
			children = (
				8251944B2033DED600B818F4 /* TV Core Data.app */,
			);
			name = Products;
			sourceTree = "<group>";
		};
		8251944D2033DED600B818F4 /* TV Core Data */ = {
			isa = PBXGroup;
			children = (
				8251944E2033DED600B818F4 /* AppDelegate.swift */,
				825194502033DED600B818F4 /* ViewController.swift */,
				825194522033DED600B818F4 /* Main.storyboard */,
				825194582033DED600B818F4 /* Assets.xcassets */,
				8251945A2033DED600B818F4 /* LaunchScreen.storyboard */,
				8251945D2033DED600B818F4 /* Info.plist */,
				825194552033DED600B818F4 /* TV_Core_Data.xcdatamodeld */,
				825194632033DFCD00B818F4 /* CoreDataHandler.swift */,
			);
			path = "TV Core Data";
			sourceTree = "<group>";
		};
		D094E709E4A21797F8CE999F /* Frameworks */ = {
			isa = PBXGroup;
			children = (
				D725EFD045ADFB5273DCA66F /* Pods_TV_Core_Data.framework */,
			);
			name = Frameworks;
			sourceTree = "<group>";
		};
/* End PBXGroup section */

/* Begin PBXNativeTarget section */
		8251944A2033DED600B818F4 /* TV Core Data */ = {
			isa = PBXNativeTarget;
			buildConfigurationList = 825194602033DED600B818F4 /* Build configuration list for PBXNativeTarget "TV Core Data" */;
			buildPhases = (
				04FF17DC0962AA58D0CA547F /* [CP] Check Pods Manifest.lock */,
				825194472033DED600B818F4 /* Sources */,
				825194482033DED600B818F4 /* Frameworks */,
				825194492033DED600B818F4 /* Resources */,
				C1BCDB196ED51A6D848AF98E /* [CP] Embed Pods Frameworks */,
				3A43243942B46291A3AC7A50 /* [CP] Copy Pods Resources */,
			);
			buildRules = (
			);
			dependencies = (
			);
			name = "TV Core Data";
			productName = "TV Core Data";
			productReference = 8251944B2033DED600B818F4 /* TV Core Data.app */;
			productType = "com.apple.product-type.application";
		};
/* End PBXNativeTarget section */

/* Begin PBXProject section */
		825194432033DED600B818F4 /* Project object */ = {
			isa = PBXProject;
			attributes = {
				LastSwiftUpdateCheck = 0920;
				LastUpgradeCheck = 0920;
				ORGANIZATIONNAME = "Tim Beemsterboer";
				TargetAttributes = {
					8251944A2033DED600B818F4 = {
						CreatedOnToolsVersion = 9.2;
						ProvisioningStyle = Automatic;
					};
				};
			};
			buildConfigurationList = 825194462033DED600B818F4 /* Build configuration list for PBXProject "TV Core Data" */;
			compatibilityVersion = "Xcode 8.0";
			developmentRegion = en;
			hasScannedForEncodings = 0;
			knownRegions = (
				en,
				Base,
			);
			mainGroup = 825194422033DED600B818F4;
			productRefGroup = 8251944C2033DED600B818F4 /* Products */;
			projectDirPath = "";
			projectRoot = "";
			targets = (
				8251944A2033DED600B818F4 /* TV Core Data */,
			);
		};
/* End PBXProject section */

/* Begin PBXResourcesBuildPhase section */
		825194492033DED600B818F4 /* Resources */ = {
			isa = PBXResourcesBuildPhase;
			buildActionMask = 2147483647;
			files = (
				8251945C2033DED600B818F4 /* LaunchScreen.storyboard in Resources */,
				825194592033DED600B818F4 /* Assets.xcassets in Resources */,
				825194542033DED600B818F4 /* Main.storyboard in Resources */,
			);
			runOnlyForDeploymentPostprocessing = 0;
		};
/* End PBXResourcesBuildPhase section */

/* Begin PBXShellScriptBuildPhase section */
		04FF17DC0962AA58D0CA547F /* [CP] Check Pods Manifest.lock */ = {
			isa = PBXShellScriptBuildPhase;
			buildActionMask = 2147483647;
			files = (
			);
			inputPaths = (
				"${PODS_PODFILE_DIR_PATH}/Podfile.lock",
				"${PODS_ROOT}/Manifest.lock",
			);
			name = "[CP] Check Pods Manifest.lock";
			outputPaths = (
				"$(DERIVED_FILE_DIR)/Pods-TV Core Data-checkManifestLockResult.txt",
			);
			runOnlyForDeploymentPostprocessing = 0;
			shellPath = /bin/sh;
			shellScript = "diff \"${PODS_PODFILE_DIR_PATH}/Podfile.lock\" \"${PODS_ROOT}/Manifest.lock\" > /dev/null\nif [ $? != 0 ] ; then\n    # print error to STDERR\n    echo \"error: The sandbox is not in sync with the Podfile.lock. Run 'pod install' or update your CocoaPods installation.\" >&2\n    exit 1\nfi\n# This output is used by Xcode 'outputs' to avoid re-running this script phase.\necho \"SUCCESS\" > \"${SCRIPT_OUTPUT_FILE_0}\"\n";
			showEnvVarsInLog = 0;
		};
		3A43243942B46291A3AC7A50 /* [CP] Copy Pods Resources */ = {
			isa = PBXShellScriptBuildPhase;
			buildActionMask = 2147483647;
			files = (
			);
			inputPaths = (
			);
			name = "[CP] Copy Pods Resources";
			outputPaths = (
			);
			runOnlyForDeploymentPostprocessing = 0;
			shellPath = /bin/sh;
			shellScript = "\"${SRCROOT}/Pods/Target Support Files/Pods-TV Core Data/Pods-TV Core Data-resources.sh\"\n";
			showEnvVarsInLog = 0;
		};
		C1BCDB196ED51A6D848AF98E /* [CP] Embed Pods Frameworks */ = {
			isa = PBXShellScriptBuildPhase;
			buildActionMask = 2147483647;
			files = (
			);
			inputPaths = (
				"${SRCROOT}/Pods/Target Support Files/Pods-TV Core Data/Pods-TV Core Data-frameworks.sh",
				"${BUILT_PRODUCTS_DIR}/Alamofire/Alamofire.framework",
				"${BUILT_PRODUCTS_DIR}/SwiftyJSON/SwiftyJSON.framework",
			);
			name = "[CP] Embed Pods Frameworks";
			outputPaths = (
				"${TARGET_BUILD_DIR}/${FRAMEWORKS_FOLDER_PATH}/Alamofire.framework",
				"${TARGET_BUILD_DIR}/${FRAMEWORKS_FOLDER_PATH}/SwiftyJSON.framework",
			);
			runOnlyForDeploymentPostprocessing = 0;
			shellPath = /bin/sh;
			shellScript = "\"${SRCROOT}/Pods/Target Support Files/Pods-TV Core Data/Pods-TV Core Data-frameworks.sh\"\n";
			showEnvVarsInLog = 0;
		};
/* End PBXShellScriptBuildPhase section */

/* Begin PBXSourcesBuildPhase section */
		825194472033DED600B818F4 /* Sources */ = {
			isa = PBXSourcesBuildPhase;
			buildActionMask = 2147483647;
			files = (
				825194572033DED600B818F4 /* TV_Core_Data.xcdatamodeld in Sources */,
				825194642033DFCD00B818F4 /* CoreDataHandler.swift in Sources */,
				825194512033DED600B818F4 /* ViewController.swift in Sources */,
				8251944F2033DED600B818F4 /* AppDelegate.swift in Sources */,
			);
			runOnlyForDeploymentPostprocessing = 0;
		};
/* End PBXSourcesBuildPhase section */

/* Begin PBXVariantGroup section */
		825194522033DED600B818F4 /* Main.storyboard */ = {
			isa = PBXVariantGroup;
			children = (
				825194532033DED600B818F4 /* Base */,
			);
			name = Main.storyboard;
			sourceTree = "<group>";
		};
		8251945A2033DED600B818F4 /* LaunchScreen.storyboard */ = {
			isa = PBXVariantGroup;
			children = (
				8251945B2033DED600B818F4 /* Base */,
			);
			name = LaunchScreen.storyboard;
			sourceTree = "<group>";
		};
/* End PBXVariantGroup section */

/* Begin XCBuildConfiguration section */
		8251945E2033DED600B818F4 /* Debug */ = {
			isa = XCBuildConfiguration;
			buildSettings = {
				ALWAYS_SEARCH_USER_PATHS = NO;
				CLANG_ANALYZER_NONNULL = YES;
				CLANG_ANALYZER_NUMBER_OBJECT_CONVERSION = YES_AGGRESSIVE;
				CLANG_CXX_LANGUAGE_STANDARD = "gnu++14";
				CLANG_CXX_LIBRARY = "libc++";
				CLANG_ENABLE_MODULES = YES;
				CLANG_ENABLE_OBJC_ARC = YES;
				CLANG_WARN_BLOCK_CAPTURE_AUTORELEASING = YES;
				CLANG_WARN_BOOL_CONVERSION = YES;
				CLANG_WARN_COMMA = YES;
				CLANG_WARN_CONSTANT_CONVERSION = YES;
				CLANG_WARN_DIRECT_OBJC_ISA_USAGE = YES_ERROR;
				CLANG_WARN_DOCUMENTATION_COMMENTS = YES;
				CLANG_WARN_EMPTY_BODY = YES;
				CLANG_WARN_ENUM_CONVERSION = YES;
				CLANG_WARN_INFINITE_RECURSION = YES;
				CLANG_WARN_INT_CONVERSION = YES;
				CLANG_WARN_NON_LITERAL_NULL_CONVERSION = YES;
				CLANG_WARN_OBJC_LITERAL_CONVERSION = YES;
				CLANG_WARN_OBJC_ROOT_CLASS = YES_ERROR;
				CLANG_WARN_RANGE_LOOP_ANALYSIS = YES;
				CLANG_WARN_STRICT_PROTOTYPES = YES;
				CLANG_WARN_SUSPICIOUS_MOVE = YES;
				CLANG_WARN_UNGUARDED_AVAILABILITY = YES_AGGRESSIVE;
				CLANG_WARN_UNREACHABLE_CODE = YES;
				CLANG_WARN__DUPLICATE_METHOD_MATCH = YES;
				CODE_SIGN_IDENTITY = "iPhone Developer";
				COPY_PHASE_STRIP = NO;
				DEBUG_INFORMATION_FORMAT = dwarf;
				ENABLE_STRICT_OBJC_MSGSEND = YES;
				ENABLE_TESTABILITY = YES;
				GCC_C_LANGUAGE_STANDARD = gnu11;
				GCC_DYNAMIC_NO_PIC = NO;
				GCC_NO_COMMON_BLOCKS = YES;
				GCC_OPTIMIZATION_LEVEL = 0;
				GCC_PREPROCESSOR_DEFINITIONS = (
					"DEBUG=1",
					"$(inherited)",
				);
				GCC_WARN_64_TO_32_BIT_CONVERSION = YES;
				GCC_WARN_ABOUT_RETURN_TYPE = YES_ERROR;
				GCC_WARN_UNDECLARED_SELECTOR = YES;
				GCC_WARN_UNINITIALIZED_AUTOS = YES_AGGRESSIVE;
				GCC_WARN_UNUSED_FUNCTION = YES;
				GCC_WARN_UNUSED_VARIABLE = YES;
				IPHONEOS_DEPLOYMENT_TARGET = 11.2;
				MTL_ENABLE_DEBUG_INFO = YES;
				ONLY_ACTIVE_ARCH = YES;
				SDKROOT = iphoneos;
				SWIFT_ACTIVE_COMPILATION_CONDITIONS = DEBUG;
				SWIFT_OPTIMIZATION_LEVEL = "-Onone";
			};
			name = Debug;
		};
		8251945F2033DED600B818F4 /* Release */ = {
			isa = XCBuildConfiguration;
			buildSettings = {
				ALWAYS_SEARCH_USER_PATHS = NO;
				CLANG_ANALYZER_NONNULL = YES;
				CLANG_ANALYZER_NUMBER_OBJECT_CONVERSION = YES_AGGRESSIVE;
				CLANG_CXX_LANGUAGE_STANDARD = "gnu++14";
				CLANG_CXX_LIBRARY = "libc++";
				CLANG_ENABLE_MODULES = YES;
				CLANG_ENABLE_OBJC_ARC = YES;
				CLANG_WARN_BLOCK_CAPTURE_AUTORELEASING = YES;
				CLANG_WARN_BOOL_CONVERSION = YES;
				CLANG_WARN_COMMA = YES;
				CLANG_WARN_CONSTANT_CONVERSION = YES;
				CLANG_WARN_DIRECT_OBJC_ISA_USAGE = YES_ERROR;
				CLANG_WARN_DOCUMENTATION_COMMENTS = YES;
				CLANG_WARN_EMPTY_BODY = YES;
				CLANG_WARN_ENUM_CONVERSION = YES;
				CLANG_WARN_INFINITE_RECURSION = YES;
				CLANG_WARN_INT_CONVERSION = YES;
				CLANG_WARN_NON_LITERAL_NULL_CONVERSION = YES;
				CLANG_WARN_OBJC_LITERAL_CONVERSION = YES;
				CLANG_WARN_OBJC_ROOT_CLASS = YES_ERROR;
				CLANG_WARN_RANGE_LOOP_ANALYSIS = YES;
				CLANG_WARN_STRICT_PROTOTYPES = YES;
				CLANG_WARN_SUSPICIOUS_MOVE = YES;
				CLANG_WARN_UNGUARDED_AVAILABILITY = YES_AGGRESSIVE;
				CLANG_WARN_UNREACHABLE_CODE = YES;
				CLANG_WARN__DUPLICATE_METHOD_MATCH = YES;
				CODE_SIGN_IDENTITY = "iPhone Developer";
				COPY_PHASE_STRIP = NO;
				DEBUG_INFORMATION_FORMAT = "dwarf-with-dsym";
				ENABLE_NS_ASSERTIONS = NO;
				ENABLE_STRICT_OBJC_MSGSEND = YES;
				GCC_C_LANGUAGE_STANDARD = gnu11;
				GCC_NO_COMMON_BLOCKS = YES;
				GCC_WARN_64_TO_32_BIT_CONVERSION = YES;
				GCC_WARN_ABOUT_RETURN_TYPE = YES_ERROR;
				GCC_WARN_UNDECLARED_SELECTOR = YES;
				GCC_WARN_UNINITIALIZED_AUTOS = YES_AGGRESSIVE;
				GCC_WARN_UNUSED_FUNCTION = YES;
				GCC_WARN_UNUSED_VARIABLE = YES;
				IPHONEOS_DEPLOYMENT_TARGET = 11.2;
				MTL_ENABLE_DEBUG_INFO = NO;
				SDKROOT = iphoneos;
				SWIFT_OPTIMIZATION_LEVEL = "-Owholemodule";
				VALIDATE_PRODUCT = YES;
			};
			name = Release;
		};
		825194612033DED600B818F4 /* Debug */ = {
			isa = XCBuildConfiguration;
			baseConfigurationReference = C475D92DDD93BF51923E36D8 /* Pods-TV Core Data.debug.xcconfig */;
			buildSettings = {
				ASSETCATALOG_COMPILER_APPICON_NAME = AppIcon;
				CODE_SIGN_STYLE = Automatic;
				INFOPLIST_FILE = "TV Core Data/Info.plist";
				LD_RUNPATH_SEARCH_PATHS = "$(inherited) @executable_path/Frameworks";
				PRODUCT_BUNDLE_IDENTIFIER = "com.timBeem.TV-Core-Data";
				PRODUCT_NAME = "$(TARGET_NAME)";
				SWIFT_VERSION = 4.0;
				TARGETED_DEVICE_FAMILY = "1,2";
			};
			name = Debug;
		};
		825194622033DED600B818F4 /* Release */ = {
			isa = XCBuildConfiguration;
			baseConfigurationReference = 78AFCDF6B7A90A7A724497B7 /* Pods-TV Core Data.release.xcconfig */;
			buildSettings = {
				ASSETCATALOG_COMPILER_APPICON_NAME = AppIcon;
				CODE_SIGN_STYLE = Automatic;
				INFOPLIST_FILE = "TV Core Data/Info.plist";
				LD_RUNPATH_SEARCH_PATHS = "$(inherited) @executable_path/Frameworks";
				PRODUCT_BUNDLE_IDENTIFIER = "com.timBeem.TV-Core-Data";
				PRODUCT_NAME = "$(TARGET_NAME)";
				SWIFT_VERSION = 4.0;
				TARGETED_DEVICE_FAMILY = "1,2";
			};
			name = Release;
		};
/* End XCBuildConfiguration section */

/* Begin XCConfigurationList section */
		825194462033DED600B818F4 /* Build configuration list for PBXProject "TV Core Data" */ = {
			isa = XCConfigurationList;
			buildConfigurations = (
				8251945E2033DED600B818F4 /* Debug */,
				8251945F2033DED600B818F4 /* Release */,
			);
			defaultConfigurationIsVisible = 0;
			defaultConfigurationName = Release;
		};
		825194602033DED600B818F4 /* Build configuration list for PBXNativeTarget "TV Core Data" */ = {
			isa = XCConfigurationList;
			buildConfigurations = (
				825194612033DED600B818F4 /* Debug */,
				825194622033DED600B818F4 /* Release */,
			);
			defaultConfigurationIsVisible = 0;
			defaultConfigurationName = Release;
		};
/* End XCConfigurationList section */

/* Begin XCVersionGroup section */
		825194552033DED600B818F4 /* TV_Core_Data.xcdatamodeld */ = {
			isa = XCVersionGroup;
			children = (
				825194562033DED600B818F4 /* TV_Core_Data.xcdatamodel */,
			);
			currentVersion = 825194562033DED600B818F4 /* TV_Core_Data.xcdatamodel */;
			path = TV_Core_Data.xcdatamodeld;
			sourceTree = "<group>";
			versionGroupType = wrapper.xcdatamodel;
		};
/* End XCVersionGroup section */
	};
	rootObject = 825194432033DED600B818F4 /* Project object */;
}
